// !$*UTF8*$!
{
	archiveVersion = 1;
	classes = {
	};
	objectVersion = 56;
	objects = {

/* Begin PBXBuildFile section */
		323224552ADF837E005A2F0A /* FructusApp.swift in Sources */ = {isa = PBXBuildFile; fileRef = 323224542ADF837E005A2F0A /* FructusApp.swift */; };
		323224572ADF837E005A2F0A /* ContentView.swift in Sources */ = {isa = PBXBuildFile; fileRef = 323224562ADF837E005A2F0A /* ContentView.swift */; };
		323224592ADF837F005A2F0A /* Assets.xcassets in Resources */ = {isa = PBXBuildFile; fileRef = 323224582ADF837F005A2F0A /* Assets.xcassets */; };
		3232245C2ADF837F005A2F0A /* Preview Assets.xcassets in Resources */ = {isa = PBXBuildFile; fileRef = 3232245B2ADF837F005A2F0A /* Preview Assets.xcassets */; };
		323224652ADF9154005A2F0A /* FruitCardView.swift in Sources */ = {isa = PBXBuildFile; fileRef = 323224642ADF9154005A2F0A /* FruitCardView.swift */; };
		323224672ADF97B2005A2F0A /* StartButtonView.swift in Sources */ = {isa = PBXBuildFile; fileRef = 323224662ADF97B2005A2F0A /* StartButtonView.swift */; };
		323224692AE0B49E005A2F0A /* OnboardingView.swift in Sources */ = {isa = PBXBuildFile; fileRef = 323224682AE0B49E005A2F0A /* OnboardingView.swift */; };
		3232246C2AE2B3AE005A2F0A /* FruitModel.swift in Sources */ = {isa = PBXBuildFile; fileRef = 3232246B2AE2B3AE005A2F0A /* FruitModel.swift */; };
		323224702AE2B476005A2F0A /* FruitData.swift in Sources */ = {isa = PBXBuildFile; fileRef = 3232246F2AE2B476005A2F0A /* FruitData.swift */; };
		323224722AE53DDF005A2F0A /* FruitRowView.swift in Sources */ = {isa = PBXBuildFile; fileRef = 323224712AE53DDF005A2F0A /* FruitRowView.swift */; };
		326C16182AE67EEC00A131B6 /* FruitDetailView.swift in Sources */ = {isa = PBXBuildFile; fileRef = 326C16172AE67EEC00A131B6 /* FruitDetailView.swift */; };
		326C161A2AE682FD00A131B6 /* FruitHeaderView.swift in Sources */ = {isa = PBXBuildFile; fileRef = 326C16192AE682FD00A131B6 /* FruitHeaderView.swift */; };
		326C161C2AE686B800A131B6 /* SourceLinkView.swift in Sources */ = {isa = PBXBuildFile; fileRef = 326C161B2AE686B800A131B6 /* SourceLinkView.swift */; };
		326C161E2AE7733C00A131B6 /* FruitNutrientsView.swift in Sources */ = {isa = PBXBuildFile; fileRef = 326C161D2AE7733C00A131B6 /* FruitNutrientsView.swift */; };
		326C16222AE8A99F00A131B6 /* SettingsView.swift in Sources */ = {isa = PBXBuildFile; fileRef = 326C16212AE8A99F00A131B6 /* SettingsView.swift */; };
		326C16242AE8B5C100A131B6 /* SettingsLabelView.swift in Sources */ = {isa = PBXBuildFile; fileRef = 326C16232AE8B5C100A131B6 /* SettingsLabelView.swift */; };
		326C16262AE8C9F500A131B6 /* SettingsRowView.swift in Sources */ = {isa = PBXBuildFile; fileRef = 326C16252AE8C9F500A131B6 /* SettingsRowView.swift */; };
/* End PBXBuildFile section */

/* Begin PBXFileReference section */
		323224512ADF837E005A2F0A /* Fructus.app */ = {isa = PBXFileReference; explicitFileType = wrapper.application; includeInIndex = 0; path = Fructus.app; sourceTree = BUILT_PRODUCTS_DIR; };
		323224542ADF837E005A2F0A /* FructusApp.swift */ = {isa = PBXFileReference; lastKnownFileType = sourcecode.swift; path = FructusApp.swift; sourceTree = "<group>"; };
		323224562ADF837E005A2F0A /* ContentView.swift */ = {isa = PBXFileReference; lastKnownFileType = sourcecode.swift; path = ContentView.swift; sourceTree = "<group>"; };
		323224582ADF837F005A2F0A /* Assets.xcassets */ = {isa = PBXFileReference; lastKnownFileType = folder.assetcatalog; path = Assets.xcassets; sourceTree = "<group>"; };
		3232245B2ADF837F005A2F0A /* Preview Assets.xcassets */ = {isa = PBXFileReference; lastKnownFileType = folder.assetcatalog; path = "Preview Assets.xcassets"; sourceTree = "<group>"; };
		323224642ADF9154005A2F0A /* FruitCardView.swift */ = {isa = PBXFileReference; lastKnownFileType = sourcecode.swift; path = FruitCardView.swift; sourceTree = "<group>"; };
		323224662ADF97B2005A2F0A /* StartButtonView.swift */ = {isa = PBXFileReference; lastKnownFileType = sourcecode.swift; path = StartButtonView.swift; sourceTree = "<group>"; };
		323224682AE0B49E005A2F0A /* OnboardingView.swift */ = {isa = PBXFileReference; lastKnownFileType = sourcecode.swift; path = OnboardingView.swift; sourceTree = "<group>"; };
		3232246B2AE2B3AE005A2F0A /* FruitModel.swift */ = {isa = PBXFileReference; lastKnownFileType = sourcecode.swift; path = FruitModel.swift; sourceTree = "<group>"; };
		3232246F2AE2B476005A2F0A /* FruitData.swift */ = {isa = PBXFileReference; lastKnownFileType = sourcecode.swift; path = FruitData.swift; sourceTree = "<group>"; };
		323224712AE53DDF005A2F0A /* FruitRowView.swift */ = {isa = PBXFileReference; lastKnownFileType = sourcecode.swift; path = FruitRowView.swift; sourceTree = "<group>"; };
		326C16172AE67EEC00A131B6 /* FruitDetailView.swift */ = {isa = PBXFileReference; lastKnownFileType = sourcecode.swift; path = FruitDetailView.swift; sourceTree = "<group>"; };
		326C16192AE682FD00A131B6 /* FruitHeaderView.swift */ = {isa = PBXFileReference; lastKnownFileType = sourcecode.swift; path = FruitHeaderView.swift; sourceTree = "<group>"; };
		326C161B2AE686B800A131B6 /* SourceLinkView.swift */ = {isa = PBXFileReference; lastKnownFileType = sourcecode.swift; path = SourceLinkView.swift; sourceTree = "<group>"; };
		326C161D2AE7733C00A131B6 /* FruitNutrientsView.swift */ = {isa = PBXFileReference; lastKnownFileType = sourcecode.swift; path = FruitNutrientsView.swift; sourceTree = "<group>"; };
		326C16212AE8A99F00A131B6 /* SettingsView.swift */ = {isa = PBXFileReference; lastKnownFileType = sourcecode.swift; path = SettingsView.swift; sourceTree = "<group>"; };
		326C16232AE8B5C100A131B6 /* SettingsLabelView.swift */ = {isa = PBXFileReference; lastKnownFileType = sourcecode.swift; path = SettingsLabelView.swift; sourceTree = "<group>"; };
		326C16252AE8C9F500A131B6 /* SettingsRowView.swift */ = {isa = PBXFileReference; lastKnownFileType = sourcecode.swift; path = SettingsRowView.swift; sourceTree = "<group>"; };
/* End PBXFileReference section */

/* Begin PBXFrameworksBuildPhase section */
		3232244E2ADF837E005A2F0A /* Frameworks */ = {
			isa = PBXFrameworksBuildPhase;
			buildActionMask = 2147483647;
			files = (
			);
			runOnlyForDeploymentPostprocessing = 0;
		};
/* End PBXFrameworksBuildPhase section */

/* Begin PBXGroup section */
		323224482ADF837E005A2F0A = {
			isa = PBXGroup;
			children = (
				323224532ADF837E005A2F0A /* Fructus */,
				323224522ADF837E005A2F0A /* Products */,
			);
			sourceTree = "<group>";
		};
		323224522ADF837E005A2F0A /* Products */ = {
			isa = PBXGroup;
			children = (
				323224512ADF837E005A2F0A /* Fructus.app */,
			);
			name = Products;
			sourceTree = "<group>";
		};
		323224532ADF837E005A2F0A /* Fructus */ = {
			isa = PBXGroup;
			children = (
				3232246D2AE2B455005A2F0A /* Data */,
				3232246A2AE2B390005A2F0A /* Model */,
				323224632ADF912B005A2F0A /* View */,
				323224622ADF90FB005A2F0A /* App */,
				323224582ADF837F005A2F0A /* Assets.xcassets */,
				3232245A2ADF837F005A2F0A /* Preview Content */,
			);
			path = Fructus;
			sourceTree = "<group>";
		};
		3232245A2ADF837F005A2F0A /* Preview Content */ = {
			isa = PBXGroup;
			children = (
				3232245B2ADF837F005A2F0A /* Preview Assets.xcassets */,
			);
			path = "Preview Content";
			sourceTree = "<group>";
		};
		323224622ADF90FB005A2F0A /* App */ = {
			isa = PBXGroup;
			children = (
				323224542ADF837E005A2F0A /* FructusApp.swift */,
				323224562ADF837E005A2F0A /* ContentView.swift */,
				323224682AE0B49E005A2F0A /* OnboardingView.swift */,
				326C16172AE67EEC00A131B6 /* FruitDetailView.swift */,
				326C16212AE8A99F00A131B6 /* SettingsView.swift */,
			);
			path = App;
			sourceTree = "<group>";
		};
		323224632ADF912B005A2F0A /* View */ = {
			isa = PBXGroup;
			children = (
				323224642ADF9154005A2F0A /* FruitCardView.swift */,
				323224662ADF97B2005A2F0A /* StartButtonView.swift */,
				323224712AE53DDF005A2F0A /* FruitRowView.swift */,
				326C16192AE682FD00A131B6 /* FruitHeaderView.swift */,
				326C161B2AE686B800A131B6 /* SourceLinkView.swift */,
				326C161D2AE7733C00A131B6 /* FruitNutrientsView.swift */,
				326C16232AE8B5C100A131B6 /* SettingsLabelView.swift */,
				326C16252AE8C9F500A131B6 /* SettingsRowView.swift */,
			);
			path = View;
			sourceTree = "<group>";
		};
		3232246A2AE2B390005A2F0A /* Model */ = {
			isa = PBXGroup;
			children = (
				3232246B2AE2B3AE005A2F0A /* FruitModel.swift */,
			);
			path = Model;
			sourceTree = "<group>";
		};
		3232246D2AE2B455005A2F0A /* Data */ = {
			isa = PBXGroup;
			children = (
				3232246F2AE2B476005A2F0A /* FruitData.swift */,
			);
			path = Data;
			sourceTree = "<group>";
		};
/* End PBXGroup section */

/* Begin PBXNativeTarget section */
		323224502ADF837E005A2F0A /* Fructus */ = {
			isa = PBXNativeTarget;
			buildConfigurationList = 3232245F2ADF837F005A2F0A /* Build configuration list for PBXNativeTarget "Fructus" */;
			buildPhases = (
				3232244D2ADF837E005A2F0A /* Sources */,
				3232244E2ADF837E005A2F0A /* Frameworks */,
				3232244F2ADF837E005A2F0A /* Resources */,
			);
			buildRules = (
			);
			dependencies = (
			);
			name = Fructus;
			productName = Fructus;
			productReference = 323224512ADF837E005A2F0A /* Fructus.app */;
			productType = "com.apple.product-type.application";
		};
/* End PBXNativeTarget section */

/* Begin PBXProject section */
		323224492ADF837E005A2F0A /* Project object */ = {
			isa = PBXProject;
			attributes = {
				BuildIndependentTargetsInParallel = 1;
				LastSwiftUpdateCheck = 1500;
				LastUpgradeCheck = 1500;
				TargetAttributes = {
					323224502ADF837E005A2F0A = {
						CreatedOnToolsVersion = 15.0;
					};
				};
			};
			buildConfigurationList = 3232244C2ADF837E005A2F0A /* Build configuration list for PBXProject "Fructus" */;
			compatibilityVersion = "Xcode 14.0";
			developmentRegion = en;
			hasScannedForEncodings = 0;
			knownRegions = (
				en,
				Base,
			);
			mainGroup = 323224482ADF837E005A2F0A;
			productRefGroup = 323224522ADF837E005A2F0A /* Products */;
			projectDirPath = "";
			projectRoot = "";
			targets = (
				323224502ADF837E005A2F0A /* Fructus */,
			);
		};
/* End PBXProject section */

/* Begin PBXResourcesBuildPhase section */
		3232244F2ADF837E005A2F0A /* Resources */ = {
			isa = PBXResourcesBuildPhase;
			buildActionMask = 2147483647;
			files = (
				3232245C2ADF837F005A2F0A /* Preview Assets.xcassets in Resources */,
				323224592ADF837F005A2F0A /* Assets.xcassets in Resources */,
			);
			runOnlyForDeploymentPostprocessing = 0;
		};
/* End PBXResourcesBuildPhase section */

/* Begin PBXSourcesBuildPhase section */
		3232244D2ADF837E005A2F0A /* Sources */ = {
			isa = PBXSourcesBuildPhase;
			buildActionMask = 2147483647;
			files = (
				323224702AE2B476005A2F0A /* FruitData.swift in Sources */,
				326C161C2AE686B800A131B6 /* SourceLinkView.swift in Sources */,
				326C16262AE8C9F500A131B6 /* SettingsRowView.swift in Sources */,
				323224652ADF9154005A2F0A /* FruitCardView.swift in Sources */,
				323224722AE53DDF005A2F0A /* FruitRowView.swift in Sources */,
				326C161E2AE7733C00A131B6 /* FruitNutrientsView.swift in Sources */,
				323224672ADF97B2005A2F0A /* StartButtonView.swift in Sources */,
				326C16182AE67EEC00A131B6 /* FruitDetailView.swift in Sources */,
				323224572ADF837E005A2F0A /* ContentView.swift in Sources */,
				326C161A2AE682FD00A131B6 /* FruitHeaderView.swift in Sources */,
				323224692AE0B49E005A2F0A /* OnboardingView.swift in Sources */,
				326C16242AE8B5C100A131B6 /* SettingsLabelView.swift in Sources */,
				3232246C2AE2B3AE005A2F0A /* FruitModel.swift in Sources */,
				323224552ADF837E005A2F0A /* FructusApp.swift in Sources */,
				326C16222AE8A99F00A131B6 /* SettingsView.swift in Sources */,
			);
			runOnlyForDeploymentPostprocessing = 0;
		};
/* End PBXSourcesBuildPhase section */

/* Begin XCBuildConfiguration section */
		3232245D2ADF837F005A2F0A /* Debug */ = {
			isa = XCBuildConfiguration;
			buildSettings = {
				ALWAYS_SEARCH_USER_PATHS = NO;
				ASSETCATALOG_COMPILER_GENERATE_SWIFT_ASSET_SYMBOL_EXTENSIONS = YES;
				CLANG_ANALYZER_NONNULL = YES;
				CLANG_ANALYZER_NUMBER_OBJECT_CONVERSION = YES_AGGRESSIVE;
				CLANG_CXX_LANGUAGE_STANDARD = "gnu++20";
				CLANG_ENABLE_MODULES = YES;
				CLANG_ENABLE_OBJC_ARC = YES;
				CLANG_ENABLE_OBJC_WEAK = YES;
				CLANG_WARN_BLOCK_CAPTURE_AUTORELEASING = YES;
				CLANG_WARN_BOOL_CONVERSION = YES;
				CLANG_WARN_COMMA = YES;
				CLANG_WARN_CONSTANT_CONVERSION = YES;
				CLANG_WARN_DEPRECATED_OBJC_IMPLEMENTATIONS = YES;
				CLANG_WARN_DIRECT_OBJC_ISA_USAGE = YES_ERROR;
				CLANG_WARN_DOCUMENTATION_COMMENTS = YES;
				CLANG_WARN_EMPTY_BODY = YES;
				CLANG_WARN_ENUM_CONVERSION = YES;
				CLANG_WARN_INFINITE_RECURSION = YES;
				CLANG_WARN_INT_CONVERSION = YES;
				CLANG_WARN_NON_LITERAL_NULL_CONVERSION = YES;
				CLANG_WARN_OBJC_IMPLICIT_RETAIN_SELF = YES;
				CLANG_WARN_OBJC_LITERAL_CONVERSION = YES;
				CLANG_WARN_OBJC_ROOT_CLASS = YES_ERROR;
				CLANG_WARN_QUOTED_INCLUDE_IN_FRAMEWORK_HEADER = YES;
				CLANG_WARN_RANGE_LOOP_ANALYSIS = YES;
				CLANG_WARN_STRICT_PROTOTYPES = YES;
				CLANG_WARN_SUSPICIOUS_MOVE = YES;
				CLANG_WARN_UNGUARDED_AVAILABILITY = YES_AGGRESSIVE;
				CLANG_WARN_UNREACHABLE_CODE = YES;
				CLANG_WARN__DUPLICATE_METHOD_MATCH = YES;
				COPY_PHASE_STRIP = NO;
				DEBUG_INFORMATION_FORMAT = dwarf;
				ENABLE_STRICT_OBJC_MSGSEND = YES;
				ENABLE_TESTABILITY = YES;
				ENABLE_USER_SCRIPT_SANDBOXING = YES;
				GCC_C_LANGUAGE_STANDARD = gnu17;
				GCC_DYNAMIC_NO_PIC = NO;
				GCC_NO_COMMON_BLOCKS = YES;
				GCC_OPTIMIZATION_LEVEL = 0;
				GCC_PREPROCESSOR_DEFINITIONS = (
					"DEBUG=1",
					"$(inherited)",
				);
				GCC_WARN_64_TO_32_BIT_CONVERSION = YES;
				GCC_WARN_ABOUT_RETURN_TYPE = YES_ERROR;
				GCC_WARN_UNDECLARED_SELECTOR = YES;
				GCC_WARN_UNINITIALIZED_AUTOS = YES_AGGRESSIVE;
				GCC_WARN_UNUSED_FUNCTION = YES;
				GCC_WARN_UNUSED_VARIABLE = YES;
				IPHONEOS_DEPLOYMENT_TARGET = 17.0;
				LOCALIZATION_PREFERS_STRING_CATALOGS = YES;
				MTL_ENABLE_DEBUG_INFO = INCLUDE_SOURCE;
				MTL_FAST_MATH = YES;
				ONLY_ACTIVE_ARCH = YES;
				SDKROOT = iphoneos;
				SWIFT_ACTIVE_COMPILATION_CONDITIONS = "DEBUG $(inherited)";
				SWIFT_OPTIMIZATION_LEVEL = "-Onone";
			};
			name = Debug;
		};
		3232245E2ADF837F005A2F0A /* Release */ = {
			isa = XCBuildConfiguration;
			buildSettings = {
				ALWAYS_SEARCH_USER_PATHS = NO;
				ASSETCATALOG_COMPILER_GENERATE_SWIFT_ASSET_SYMBOL_EXTENSIONS = YES;
				CLANG_ANALYZER_NONNULL = YES;
				CLANG_ANALYZER_NUMBER_OBJECT_CONVERSION = YES_AGGRESSIVE;
				CLANG_CXX_LANGUAGE_STANDARD = "gnu++20";
				CLANG_ENABLE_MODULES = YES;
				CLANG_ENABLE_OBJC_ARC = YES;
				CLANG_ENABLE_OBJC_WEAK = YES;
				CLANG_WARN_BLOCK_CAPTURE_AUTORELEASING = YES;
				CLANG_WARN_BOOL_CONVERSION = YES;
				CLANG_WARN_COMMA = YES;
				CLANG_WARN_CONSTANT_CONVERSION = YES;
				CLANG_WARN_DEPRECATED_OBJC_IMPLEMENTATIONS = YES;
				CLANG_WARN_DIRECT_OBJC_ISA_USAGE = YES_ERROR;
				CLANG_WARN_DOCUMENTATION_COMMENTS = YES;
				CLANG_WARN_EMPTY_BODY = YES;
				CLANG_WARN_ENUM_CONVERSION = YES;
				CLANG_WARN_INFINITE_RECURSION = YES;
				CLANG_WARN_INT_CONVERSION = YES;
				CLANG_WARN_NON_LITERAL_NULL_CONVERSION = YES;
				CLANG_WARN_OBJC_IMPLICIT_RETAIN_SELF = YES;
				CLANG_WARN_OBJC_LITERAL_CONVERSION = YES;
				CLANG_WARN_OBJC_ROOT_CLASS = YES_ERROR;
				CLANG_WARN_QUOTED_INCLUDE_IN_FRAMEWORK_HEADER = YES;
				CLANG_WARN_RANGE_LOOP_ANALYSIS = YES;
				CLANG_WARN_STRICT_PROTOTYPES = YES;
				CLANG_WARN_SUSPICIOUS_MOVE = YES;
				CLANG_WARN_UNGUARDED_AVAILABILITY = YES_AGGRESSIVE;
				CLANG_WARN_UNREACHABLE_CODE = YES;
				CLANG_WARN__DUPLICATE_METHOD_MATCH = YES;
				COPY_PHASE_STRIP = NO;
				DEBUG_INFORMATION_FORMAT = "dwarf-with-dsym";
				ENABLE_NS_ASSERTIONS = NO;
				ENABLE_STRICT_OBJC_MSGSEND = YES;
				ENABLE_USER_SCRIPT_SANDBOXING = YES;
				GCC_C_LANGUAGE_STANDARD = gnu17;
				GCC_NO_COMMON_BLOCKS = YES;
				GCC_WARN_64_TO_32_BIT_CONVERSION = YES;
				GCC_WARN_ABOUT_RETURN_TYPE = YES_ERROR;
				GCC_WARN_UNDECLARED_SELECTOR = YES;
				GCC_WARN_UNINITIALIZED_AUTOS = YES_AGGRESSIVE;
				GCC_WARN_UNUSED_FUNCTION = YES;
				GCC_WARN_UNUSED_VARIABLE = YES;
				IPHONEOS_DEPLOYMENT_TARGET = 17.0;
				LOCALIZATION_PREFERS_STRING_CATALOGS = YES;
				MTL_ENABLE_DEBUG_INFO = NO;
				MTL_FAST_MATH = YES;
				SDKROOT = iphoneos;
				SWIFT_COMPILATION_MODE = wholemodule;
				VALIDATE_PRODUCT = YES;
			};
			name = Release;
		};
		323224602ADF837F005A2F0A /* Debug */ = {
			isa = XCBuildConfiguration;
			buildSettings = {
				ASSETCATALOG_COMPILER_APPICON_NAME = AppIcon;
				ASSETCATALOG_COMPILER_GLOBAL_ACCENT_COLOR_NAME = AccentColor;
				CODE_SIGN_STYLE = Automatic;
				CURRENT_PROJECT_VERSION = 1;
				DEVELOPMENT_ASSET_PATHS = "\"Fructus/Preview Content\"";
				DEVELOPMENT_TEAM = 7RNUW9CZWL;
				ENABLE_PREVIEWS = YES;
				GENERATE_INFOPLIST_FILE = YES;
				INFOPLIST_KEY_UIApplicationSceneManifest_Generation = YES;
				INFOPLIST_KEY_UIApplicationSupportsIndirectInputEvents = YES;
				INFOPLIST_KEY_UILaunchScreen_Generation = YES;
				INFOPLIST_KEY_UISupportedInterfaceOrientations = UIInterfaceOrientationPortrait;
				INFOPLIST_KEY_UISupportedInterfaceOrientations_iPad = "UIInterfaceOrientationLandscapeLeft UIInterfaceOrientationLandscapeRight UIInterfaceOrientationPortrait UIInterfaceOrientationPortraitUpsideDown";
				LD_RUNPATH_SEARCH_PATHS = (
					"$(inherited)",
					"@executable_path/Frameworks",
				);
				MARKETING_VERSION = 1.0;
				PRODUCT_BUNDLE_IDENTIFIER = sfK.Fructus;
				PRODUCT_NAME = "$(TARGET_NAME)";
				SWIFT_EMIT_LOC_STRINGS = YES;
				SWIFT_VERSION = 5.0;
				TARGETED_DEVICE_FAMILY = "1,2";
			};
			name = Debug;
		};
		323224612ADF837F005A2F0A /* Release */ = {
			isa = XCBuildConfiguration;
			buildSettings = {
				ASSETCATALOG_COMPILER_APPICON_NAME = AppIcon;
				ASSETCATALOG_COMPILER_GLOBAL_ACCENT_COLOR_NAME = AccentColor;
				CODE_SIGN_STYLE = Automatic;
				CURRENT_PROJECT_VERSION = 1;
				DEVELOPMENT_ASSET_PATHS = "\"Fructus/Preview Content\"";
				DEVELOPMENT_TEAM = 7RNUW9CZWL;
				ENABLE_PREVIEWS = YES;
				GENERATE_INFOPLIST_FILE = YES;
				INFOPLIST_KEY_UIApplicationSceneManifest_Generation = YES;
				INFOPLIST_KEY_UIApplicationSupportsIndirectInputEvents = YES;
				INFOPLIST_KEY_UILaunchScreen_Generation = YES;
				INFOPLIST_KEY_UISupportedInterfaceOrientations = UIInterfaceOrientationPortrait;
				INFOPLIST_KEY_UISupportedInterfaceOrientations_iPad = "UIInterfaceOrientationLandscapeLeft UIInterfaceOrientationLandscapeRight UIInterfaceOrientationPortrait UIInterfaceOrientationPortraitUpsideDown";
				LD_RUNPATH_SEARCH_PATHS = (
					"$(inherited)",
					"@executable_path/Frameworks",
				);
				MARKETING_VERSION = 1.0;
				PRODUCT_BUNDLE_IDENTIFIER = sfK.Fructus;
				PRODUCT_NAME = "$(TARGET_NAME)";
				SWIFT_EMIT_LOC_STRINGS = YES;
				SWIFT_VERSION = 5.0;
				TARGETED_DEVICE_FAMILY = "1,2";
			};
			name = Release;
		};
/* End XCBuildConfiguration section */

/* Begin XCConfigurationList section */
		3232244C2ADF837E005A2F0A /* Build configuration list for PBXProject "Fructus" */ = {
			isa = XCConfigurationList;
			buildConfigurations = (
				3232245D2ADF837F005A2F0A /* Debug */,
				3232245E2ADF837F005A2F0A /* Release */,
			);
			defaultConfigurationIsVisible = 0;
			defaultConfigurationName = Release;
		};
		3232245F2ADF837F005A2F0A /* Build configuration list for PBXNativeTarget "Fructus" */ = {
			isa = XCConfigurationList;
			buildConfigurations = (
				323224602ADF837F005A2F0A /* Debug */,
				323224612ADF837F005A2F0A /* Release */,
			);
			defaultConfigurationIsVisible = 0;
			defaultConfigurationName = Release;
		};
/* End XCConfigurationList section */
	};
	rootObject = 323224492ADF837E005A2F0A /* Project object */;
}
