// !$*UTF8*$!
{
	archiveVersion = 1;
	classes = {
	};
	objectVersion = 56;
	objects = {

/* Begin PBXBuildFile section */
		32129B632B01AB2D0081B5DD /* BrandModel.swift in Sources */ = {isa = PBXBuildFile; fileRef = 32129B622B01AB2D0081B5DD /* BrandModel.swift */; };
		32129B652B01ABA40081B5DD /* BrandItemView.swift in Sources */ = {isa = PBXBuildFile; fileRef = 32129B642B01ABA40081B5DD /* BrandItemView.swift */; };
		32129B672B01AD520081B5DD /* BrandGridView.swift in Sources */ = {isa = PBXBuildFile; fileRef = 32129B662B01AD520081B5DD /* BrandGridView.swift */; };
		32129B692B01B0F30081B5DD /* ProductDetailView.swift in Sources */ = {isa = PBXBuildFile; fileRef = 32129B682B01B0F30081B5DD /* ProductDetailView.swift */; };
		32129B6B2B01D0A20081B5DD /* NavigationBarDetailView.swift in Sources */ = {isa = PBXBuildFile; fileRef = 32129B6A2B01D0A20081B5DD /* NavigationBarDetailView.swift */; };
		32129B6D2B01D1CE0081B5DD /* HeaderDetailView.swift in Sources */ = {isa = PBXBuildFile; fileRef = 32129B6C2B01D1CE0081B5DD /* HeaderDetailView.swift */; };
		32129B6F2B01D2BA0081B5DD /* TopPartDetailView.swift in Sources */ = {isa = PBXBuildFile; fileRef = 32129B6E2B01D2BA0081B5DD /* TopPartDetailView.swift */; };
		3214C8F82B01E262008E2732 /* CustomShape.swift in Sources */ = {isa = PBXBuildFile; fileRef = 3214C8F72B01E262008E2732 /* CustomShape.swift */; };
		3214C8FA2B01E3E2008E2732 /* RatingsSizesDetailView.swift in Sources */ = {isa = PBXBuildFile; fileRef = 3214C8F92B01E3E2008E2732 /* RatingsSizesDetailView.swift */; };
		3214C8FC2B01E812008E2732 /* QuantityFavouriteDetailView.swift in Sources */ = {isa = PBXBuildFile; fileRef = 3214C8FB2B01E812008E2732 /* QuantityFavouriteDetailView.swift */; };
		3214C8FE2B01EAF2008E2732 /* AddToCartDetailView.swift in Sources */ = {isa = PBXBuildFile; fileRef = 3214C8FD2B01EAF2008E2732 /* AddToCartDetailView.swift */; };
		3247B5432AFCF3F5000F63BF /* NavigationBarView.swift in Sources */ = {isa = PBXBuildFile; fileRef = 3247B5422AFCF3F5000F63BF /* NavigationBarView.swift */; };
		3247B5452AFCF520000F63BF /* LogoView.swift in Sources */ = {isa = PBXBuildFile; fileRef = 3247B5442AFCF520000F63BF /* LogoView.swift */; };
		3247B5472AFE4D35000F63BF /* PlayerModel.swift in Sources */ = {isa = PBXBuildFile; fileRef = 3247B5462AFE4D35000F63BF /* PlayerModel.swift */; };
		3247B5492AFE5284000F63BF /* CodableBundleExtension.swift in Sources */ = {isa = PBXBuildFile; fileRef = 3247B5482AFE5284000F63BF /* CodableBundleExtension.swift */; };
		3247B54B2AFE55E7000F63BF /* FeaturedItemView.swift in Sources */ = {isa = PBXBuildFile; fileRef = 3247B54A2AFE55E7000F63BF /* FeaturedItemView.swift */; };
		3247B54D2AFE5764000F63BF /* FeaturedTabView.swift in Sources */ = {isa = PBXBuildFile; fileRef = 3247B54C2AFE5764000F63BF /* FeaturedTabView.swift */; };
		3247B54F2AFF36CD000F63BF /* CategoryModel.swift in Sources */ = {isa = PBXBuildFile; fileRef = 3247B54E2AFF36CD000F63BF /* CategoryModel.swift */; };
		3247B5512AFF4174000F63BF /* CategoryItemView.swift in Sources */ = {isa = PBXBuildFile; fileRef = 3247B5502AFF4174000F63BF /* CategoryItemView.swift */; };
		3247B5532AFF4719000F63BF /* CategoryGridView.swift in Sources */ = {isa = PBXBuildFile; fileRef = 3247B5522AFF4719000F63BF /* CategoryGridView.swift */; };
		3247B5552AFF48A6000F63BF /* SectionView.swift in Sources */ = {isa = PBXBuildFile; fileRef = 3247B5542AFF48A6000F63BF /* SectionView.swift */; };
		32C8B2FB2B031B5100C77370 /* Shop.swift in Sources */ = {isa = PBXBuildFile; fileRef = 32C8B2FA2B031B5100C77370 /* Shop.swift */; };
		32EFF3172B00DEDA006DD111 /* TitleView.swift in Sources */ = {isa = PBXBuildFile; fileRef = 32EFF3162B00DEDA006DD111 /* TitleView.swift */; };
		32EFF3192B00E18D006DD111 /* ProductModel.swift in Sources */ = {isa = PBXBuildFile; fileRef = 32EFF3182B00E18D006DD111 /* ProductModel.swift */; };
		32EFF31B2B00E20E006DD111 /* ProductItemView.swift in Sources */ = {isa = PBXBuildFile; fileRef = 32EFF31A2B00E20E006DD111 /* ProductItemView.swift */; };
		32F4A2862AFB16F30016EA3A /* TouchdownApp.swift in Sources */ = {isa = PBXBuildFile; fileRef = 32F4A2852AFB16F30016EA3A /* TouchdownApp.swift */; };
		32F4A2882AFB16F30016EA3A /* ContentView.swift in Sources */ = {isa = PBXBuildFile; fileRef = 32F4A2872AFB16F30016EA3A /* ContentView.swift */; };
		32F4A28A2AFB16F40016EA3A /* Assets.xcassets in Resources */ = {isa = PBXBuildFile; fileRef = 32F4A2892AFB16F40016EA3A /* Assets.xcassets */; };
		32F4A28D2AFB16F40016EA3A /* Preview Assets.xcassets in Resources */ = {isa = PBXBuildFile; fileRef = 32F4A28C2AFB16F40016EA3A /* Preview Assets.xcassets */; };
		32F4A2972AFB178C0016EA3A /* player.json in Resources */ = {isa = PBXBuildFile; fileRef = 32F4A2932AFB178B0016EA3A /* player.json */; };
		32F4A2982AFB178C0016EA3A /* product.json in Resources */ = {isa = PBXBuildFile; fileRef = 32F4A2942AFB178B0016EA3A /* product.json */; };
		32F4A2992AFB178C0016EA3A /* brand.json in Resources */ = {isa = PBXBuildFile; fileRef = 32F4A2952AFB178B0016EA3A /* brand.json */; };
		32F4A29A2AFB178C0016EA3A /* category.json in Resources */ = {isa = PBXBuildFile; fileRef = 32F4A2962AFB178C0016EA3A /* category.json */; };
		32F4A2A52AFB1A440016EA3A /* Constant.swift in Sources */ = {isa = PBXBuildFile; fileRef = 32F4A2A42AFB1A440016EA3A /* Constant.swift */; };
		32F4A2A72AFBA98A0016EA3A /* FooterView.swift in Sources */ = {isa = PBXBuildFile; fileRef = 32F4A2A62AFBA98A0016EA3A /* FooterView.swift */; };
/* End PBXBuildFile section */

/* Begin PBXFileReference section */
		32129B622B01AB2D0081B5DD /* BrandModel.swift */ = {isa = PBXFileReference; lastKnownFileType = sourcecode.swift; path = BrandModel.swift; sourceTree = "<group>"; };
		32129B642B01ABA40081B5DD /* BrandItemView.swift */ = {isa = PBXFileReference; lastKnownFileType = sourcecode.swift; path = BrandItemView.swift; sourceTree = "<group>"; };
		32129B662B01AD520081B5DD /* BrandGridView.swift */ = {isa = PBXFileReference; lastKnownFileType = sourcecode.swift; path = BrandGridView.swift; sourceTree = "<group>"; };
		32129B682B01B0F30081B5DD /* ProductDetailView.swift */ = {isa = PBXFileReference; lastKnownFileType = sourcecode.swift; path = ProductDetailView.swift; sourceTree = "<group>"; };
		32129B6A2B01D0A20081B5DD /* NavigationBarDetailView.swift */ = {isa = PBXFileReference; lastKnownFileType = sourcecode.swift; path = NavigationBarDetailView.swift; sourceTree = "<group>"; };
		32129B6C2B01D1CE0081B5DD /* HeaderDetailView.swift */ = {isa = PBXFileReference; lastKnownFileType = sourcecode.swift; path = HeaderDetailView.swift; sourceTree = "<group>"; };
		32129B6E2B01D2BA0081B5DD /* TopPartDetailView.swift */ = {isa = PBXFileReference; lastKnownFileType = sourcecode.swift; path = TopPartDetailView.swift; sourceTree = "<group>"; };
		3214C8F72B01E262008E2732 /* CustomShape.swift */ = {isa = PBXFileReference; lastKnownFileType = sourcecode.swift; path = CustomShape.swift; sourceTree = "<group>"; };
		3214C8F92B01E3E2008E2732 /* RatingsSizesDetailView.swift */ = {isa = PBXFileReference; lastKnownFileType = sourcecode.swift; path = RatingsSizesDetailView.swift; sourceTree = "<group>"; };
		3214C8FB2B01E812008E2732 /* QuantityFavouriteDetailView.swift */ = {isa = PBXFileReference; lastKnownFileType = sourcecode.swift; path = QuantityFavouriteDetailView.swift; sourceTree = "<group>"; };
		3214C8FD2B01EAF2008E2732 /* AddToCartDetailView.swift */ = {isa = PBXFileReference; lastKnownFileType = sourcecode.swift; path = AddToCartDetailView.swift; sourceTree = "<group>"; };
		3247B5422AFCF3F5000F63BF /* NavigationBarView.swift */ = {isa = PBXFileReference; lastKnownFileType = sourcecode.swift; path = NavigationBarView.swift; sourceTree = "<group>"; };
		3247B5442AFCF520000F63BF /* LogoView.swift */ = {isa = PBXFileReference; lastKnownFileType = sourcecode.swift; path = LogoView.swift; sourceTree = "<group>"; };
		3247B5462AFE4D35000F63BF /* PlayerModel.swift */ = {isa = PBXFileReference; lastKnownFileType = sourcecode.swift; path = PlayerModel.swift; sourceTree = "<group>"; };
		3247B5482AFE5284000F63BF /* CodableBundleExtension.swift */ = {isa = PBXFileReference; lastKnownFileType = sourcecode.swift; path = CodableBundleExtension.swift; sourceTree = "<group>"; };
		3247B54A2AFE55E7000F63BF /* FeaturedItemView.swift */ = {isa = PBXFileReference; lastKnownFileType = sourcecode.swift; path = FeaturedItemView.swift; sourceTree = "<group>"; };
		3247B54C2AFE5764000F63BF /* FeaturedTabView.swift */ = {isa = PBXFileReference; lastKnownFileType = sourcecode.swift; path = FeaturedTabView.swift; sourceTree = "<group>"; };
		3247B54E2AFF36CD000F63BF /* CategoryModel.swift */ = {isa = PBXFileReference; lastKnownFileType = sourcecode.swift; path = CategoryModel.swift; sourceTree = "<group>"; };
		3247B5502AFF4174000F63BF /* CategoryItemView.swift */ = {isa = PBXFileReference; lastKnownFileType = sourcecode.swift; path = CategoryItemView.swift; sourceTree = "<group>"; };
		3247B5522AFF4719000F63BF /* CategoryGridView.swift */ = {isa = PBXFileReference; lastKnownFileType = sourcecode.swift; path = CategoryGridView.swift; sourceTree = "<group>"; };
		3247B5542AFF48A6000F63BF /* SectionView.swift */ = {isa = PBXFileReference; lastKnownFileType = sourcecode.swift; path = SectionView.swift; sourceTree = "<group>"; };
		32C8B2FA2B031B5100C77370 /* Shop.swift */ = {isa = PBXFileReference; lastKnownFileType = sourcecode.swift; path = Shop.swift; sourceTree = "<group>"; };
		32EFF3162B00DEDA006DD111 /* TitleView.swift */ = {isa = PBXFileReference; lastKnownFileType = sourcecode.swift; path = TitleView.swift; sourceTree = "<group>"; };
		32EFF3182B00E18D006DD111 /* ProductModel.swift */ = {isa = PBXFileReference; lastKnownFileType = sourcecode.swift; path = ProductModel.swift; sourceTree = "<group>"; };
		32EFF31A2B00E20E006DD111 /* ProductItemView.swift */ = {isa = PBXFileReference; lastKnownFileType = sourcecode.swift; path = ProductItemView.swift; sourceTree = "<group>"; };
		32F4A2822AFB16F30016EA3A /* Touchdown.app */ = {isa = PBXFileReference; explicitFileType = wrapper.application; includeInIndex = 0; path = Touchdown.app; sourceTree = BUILT_PRODUCTS_DIR; };
		32F4A2852AFB16F30016EA3A /* TouchdownApp.swift */ = {isa = PBXFileReference; lastKnownFileType = sourcecode.swift; path = TouchdownApp.swift; sourceTree = "<group>"; };
		32F4A2872AFB16F30016EA3A /* ContentView.swift */ = {isa = PBXFileReference; lastKnownFileType = sourcecode.swift; path = ContentView.swift; sourceTree = "<group>"; };
		32F4A2892AFB16F40016EA3A /* Assets.xcassets */ = {isa = PBXFileReference; lastKnownFileType = folder.assetcatalog; path = Assets.xcassets; sourceTree = "<group>"; };
		32F4A28C2AFB16F40016EA3A /* Preview Assets.xcassets */ = {isa = PBXFileReference; lastKnownFileType = folder.assetcatalog; path = "Preview Assets.xcassets"; sourceTree = "<group>"; };
		32F4A2932AFB178B0016EA3A /* player.json */ = {isa = PBXFileReference; fileEncoding = 4; lastKnownFileType = text.json; path = player.json; sourceTree = "<group>"; };
		32F4A2942AFB178B0016EA3A /* product.json */ = {isa = PBXFileReference; fileEncoding = 4; lastKnownFileType = text.json; path = product.json; sourceTree = "<group>"; };
		32F4A2952AFB178B0016EA3A /* brand.json */ = {isa = PBXFileReference; fileEncoding = 4; lastKnownFileType = text.json; path = brand.json; sourceTree = "<group>"; };
		32F4A2962AFB178C0016EA3A /* category.json */ = {isa = PBXFileReference; fileEncoding = 4; lastKnownFileType = text.json; path = category.json; sourceTree = "<group>"; };
		32F4A29C2AFB17ED0016EA3A /* Info.plist */ = {isa = PBXFileReference; lastKnownFileType = text.plist; path = Info.plist; sourceTree = "<group>"; };
		32F4A2A42AFB1A440016EA3A /* Constant.swift */ = {isa = PBXFileReference; lastKnownFileType = sourcecode.swift; path = Constant.swift; sourceTree = "<group>"; };
		32F4A2A62AFBA98A0016EA3A /* FooterView.swift */ = {isa = PBXFileReference; lastKnownFileType = sourcecode.swift; path = FooterView.swift; sourceTree = "<group>"; };
/* End PBXFileReference section */

/* Begin PBXFrameworksBuildPhase section */
		32F4A27F2AFB16F30016EA3A /* Frameworks */ = {
			isa = PBXFrameworksBuildPhase;
			buildActionMask = 2147483647;
			files = (
			);
			runOnlyForDeploymentPostprocessing = 0;
		};
/* End PBXFrameworksBuildPhase section */

/* Begin PBXGroup section */
		32F4A2792AFB16F30016EA3A = {
			isa = PBXGroup;
			children = (
				32F4A2842AFB16F30016EA3A /* Touchdown */,
				32F4A2832AFB16F30016EA3A /* Products */,
			);
			sourceTree = "<group>";
		};
		32F4A2832AFB16F30016EA3A /* Products */ = {
			isa = PBXGroup;
			children = (
				32F4A2822AFB16F30016EA3A /* Touchdown.app */,
			);
			name = Products;
			sourceTree = "<group>";
		};
		32F4A2842AFB16F30016EA3A /* Touchdown */ = {
			isa = PBXGroup;
			children = (
				32F4A29D2AFB198C0016EA3A /* App */,
				32F4A29E2AFB19A70016EA3A /* View */,
				32F4A29B2AFB179F0016EA3A /* Data */,
				32F4A2A12AFB19C90016EA3A /* Model */,
				32F4A2A22AFB19D30016EA3A /* Extension */,
				32F4A2A32AFB19E70016EA3A /* Utility */,
				32F4A2892AFB16F40016EA3A /* Assets.xcassets */,
				32F4A29C2AFB17ED0016EA3A /* Info.plist */,
				32F4A28B2AFB16F40016EA3A /* Preview Content */,
			);
			path = Touchdown;
			sourceTree = "<group>";
		};
		32F4A28B2AFB16F40016EA3A /* Preview Content */ = {
			isa = PBXGroup;
			children = (
				32F4A28C2AFB16F40016EA3A /* Preview Assets.xcassets */,
			);
			path = "Preview Content";
			sourceTree = "<group>";
		};
		32F4A29B2AFB179F0016EA3A /* Data */ = {
			isa = PBXGroup;
			children = (
				32F4A2952AFB178B0016EA3A /* brand.json */,
				32F4A2962AFB178C0016EA3A /* category.json */,
				32F4A2932AFB178B0016EA3A /* player.json */,
				32F4A2942AFB178B0016EA3A /* product.json */,
			);
			path = Data;
			sourceTree = "<group>";
		};
		32F4A29D2AFB198C0016EA3A /* App */ = {
			isa = PBXGroup;
			children = (
				32F4A2852AFB16F30016EA3A /* TouchdownApp.swift */,
				32F4A2872AFB16F30016EA3A /* ContentView.swift */,
				32129B682B01B0F30081B5DD /* ProductDetailView.swift */,
			);
			path = App;
			sourceTree = "<group>";
		};
		32F4A29E2AFB19A70016EA3A /* View */ = {
			isa = PBXGroup;
			children = (
				32F4A2A02AFB19B90016EA3A /* Home */,
				32F4A29F2AFB19AE0016EA3A /* Detail */,
			);
			path = View;
			sourceTree = "<group>";
		};
		32F4A29F2AFB19AE0016EA3A /* Detail */ = {
			isa = PBXGroup;
			children = (
				32129B6A2B01D0A20081B5DD /* NavigationBarDetailView.swift */,
				32129B6C2B01D1CE0081B5DD /* HeaderDetailView.swift */,
				32129B6E2B01D2BA0081B5DD /* TopPartDetailView.swift */,
				3214C8F92B01E3E2008E2732 /* RatingsSizesDetailView.swift */,
				3214C8FB2B01E812008E2732 /* QuantityFavouriteDetailView.swift */,
				3214C8FD2B01EAF2008E2732 /* AddToCartDetailView.swift */,
			);
			path = Detail;
			sourceTree = "<group>";
		};
		32F4A2A02AFB19B90016EA3A /* Home */ = {
			isa = PBXGroup;
			children = (
				3247B5442AFCF520000F63BF /* LogoView.swift */,
				3247B5422AFCF3F5000F63BF /* NavigationBarView.swift */,
				32F4A2A62AFBA98A0016EA3A /* FooterView.swift */,
				3247B54A2AFE55E7000F63BF /* FeaturedItemView.swift */,
				3247B54C2AFE5764000F63BF /* FeaturedTabView.swift */,
				3247B5502AFF4174000F63BF /* CategoryItemView.swift */,
				3247B5522AFF4719000F63BF /* CategoryGridView.swift */,
				3247B5542AFF48A6000F63BF /* SectionView.swift */,
				32EFF3162B00DEDA006DD111 /* TitleView.swift */,
				32EFF31A2B00E20E006DD111 /* ProductItemView.swift */,
				32129B642B01ABA40081B5DD /* BrandItemView.swift */,
				32129B662B01AD520081B5DD /* BrandGridView.swift */,
			);
			path = Home;
			sourceTree = "<group>";
		};
		32F4A2A12AFB19C90016EA3A /* Model */ = {
			isa = PBXGroup;
			children = (
				3247B5462AFE4D35000F63BF /* PlayerModel.swift */,
				3247B54E2AFF36CD000F63BF /* CategoryModel.swift */,
				32EFF3182B00E18D006DD111 /* ProductModel.swift */,
				32129B622B01AB2D0081B5DD /* BrandModel.swift */,
			);
			path = Model;
			sourceTree = "<group>";
		};
		32F4A2A22AFB19D30016EA3A /* Extension */ = {
			isa = PBXGroup;
			children = (
				3247B5482AFE5284000F63BF /* CodableBundleExtension.swift */,
			);
			path = Extension;
			sourceTree = "<group>";
		};
		32F4A2A32AFB19E70016EA3A /* Utility */ = {
			isa = PBXGroup;
			children = (
				32F4A2A42AFB1A440016EA3A /* Constant.swift */,
				3214C8F72B01E262008E2732 /* CustomShape.swift */,
				32C8B2FA2B031B5100C77370 /* Shop.swift */,
			);
			path = Utility;
			sourceTree = "<group>";
		};
/* End PBXGroup section */

/* Begin PBXNativeTarget section */
		32F4A2812AFB16F30016EA3A /* Touchdown */ = {
			isa = PBXNativeTarget;
			buildConfigurationList = 32F4A2902AFB16F40016EA3A /* Build configuration list for PBXNativeTarget "Touchdown" */;
			buildPhases = (
				32F4A27E2AFB16F30016EA3A /* Sources */,
				32F4A27F2AFB16F30016EA3A /* Frameworks */,
				32F4A2802AFB16F30016EA3A /* Resources */,
			);
			buildRules = (
			);
			dependencies = (
			);
			name = Touchdown;
			productName = Touchdown;
			productReference = 32F4A2822AFB16F30016EA3A /* Touchdown.app */;
			productType = "com.apple.product-type.application";
		};
/* End PBXNativeTarget section */

/* Begin PBXProject section */
		32F4A27A2AFB16F30016EA3A /* Project object */ = {
			isa = PBXProject;
			attributes = {
				BuildIndependentTargetsInParallel = 1;
				LastSwiftUpdateCheck = 1500;
				LastUpgradeCheck = 1500;
				TargetAttributes = {
					32F4A2812AFB16F30016EA3A = {
						CreatedOnToolsVersion = 15.0.1;
					};
				};
			};
			buildConfigurationList = 32F4A27D2AFB16F30016EA3A /* Build configuration list for PBXProject "Touchdown" */;
			compatibilityVersion = "Xcode 14.0";
			developmentRegion = en;
			hasScannedForEncodings = 0;
			knownRegions = (
				en,
				Base,
			);
			mainGroup = 32F4A2792AFB16F30016EA3A;
			productRefGroup = 32F4A2832AFB16F30016EA3A /* Products */;
			projectDirPath = "";
			projectRoot = "";
			targets = (
				32F4A2812AFB16F30016EA3A /* Touchdown */,
			);
		};
/* End PBXProject section */

/* Begin PBXResourcesBuildPhase section */
		32F4A2802AFB16F30016EA3A /* Resources */ = {
			isa = PBXResourcesBuildPhase;
			buildActionMask = 2147483647;
			files = (
				32F4A2972AFB178C0016EA3A /* player.json in Resources */,
				32F4A2992AFB178C0016EA3A /* brand.json in Resources */,
				32F4A2982AFB178C0016EA3A /* product.json in Resources */,
				32F4A29A2AFB178C0016EA3A /* category.json in Resources */,
				32F4A28D2AFB16F40016EA3A /* Preview Assets.xcassets in Resources */,
				32F4A28A2AFB16F40016EA3A /* Assets.xcassets in Resources */,
			);
			runOnlyForDeploymentPostprocessing = 0;
		};
/* End PBXResourcesBuildPhase section */

/* Begin PBXSourcesBuildPhase section */
		32F4A27E2AFB16F30016EA3A /* Sources */ = {
			isa = PBXSourcesBuildPhase;
			buildActionMask = 2147483647;
			files = (
				3247B5492AFE5284000F63BF /* CodableBundleExtension.swift in Sources */,
				32129B6D2B01D1CE0081B5DD /* HeaderDetailView.swift in Sources */,
				32129B6F2B01D2BA0081B5DD /* TopPartDetailView.swift in Sources */,
				32F4A2882AFB16F30016EA3A /* ContentView.swift in Sources */,
				3247B5452AFCF520000F63BF /* LogoView.swift in Sources */,
				32F4A2A72AFBA98A0016EA3A /* FooterView.swift in Sources */,
				3247B54B2AFE55E7000F63BF /* FeaturedItemView.swift in Sources */,
				32EFF31B2B00E20E006DD111 /* ProductItemView.swift in Sources */,
				3214C8FE2B01EAF2008E2732 /* AddToCartDetailView.swift in Sources */,
				32129B672B01AD520081B5DD /* BrandGridView.swift in Sources */,
				3214C8FA2B01E3E2008E2732 /* RatingsSizesDetailView.swift in Sources */,
				32F4A2862AFB16F30016EA3A /* TouchdownApp.swift in Sources */,
				32129B692B01B0F30081B5DD /* ProductDetailView.swift in Sources */,
				32129B6B2B01D0A20081B5DD /* NavigationBarDetailView.swift in Sources */,
				32F4A2A52AFB1A440016EA3A /* Constant.swift in Sources */,
				3247B5532AFF4719000F63BF /* CategoryGridView.swift in Sources */,
				3247B54F2AFF36CD000F63BF /* CategoryModel.swift in Sources */,
				3247B5432AFCF3F5000F63BF /* NavigationBarView.swift in Sources */,
				3247B5552AFF48A6000F63BF /* SectionView.swift in Sources */,
				32129B652B01ABA40081B5DD /* BrandItemView.swift in Sources */,
				3247B5512AFF4174000F63BF /* CategoryItemView.swift in Sources */,
				3247B54D2AFE5764000F63BF /* FeaturedTabView.swift in Sources */,
				3214C8F82B01E262008E2732 /* CustomShape.swift in Sources */,
				3247B5472AFE4D35000F63BF /* PlayerModel.swift in Sources */,
				32C8B2FB2B031B5100C77370 /* Shop.swift in Sources */,
				32129B632B01AB2D0081B5DD /* BrandModel.swift in Sources */,
				32EFF3172B00DEDA006DD111 /* TitleView.swift in Sources */,
				3214C8FC2B01E812008E2732 /* QuantityFavouriteDetailView.swift in Sources */,
				32EFF3192B00E18D006DD111 /* ProductModel.swift in Sources */,
			);
			runOnlyForDeploymentPostprocessing = 0;
		};
/* End PBXSourcesBuildPhase section */

/* Begin XCBuildConfiguration section */
		32F4A28E2AFB16F40016EA3A /* Debug */ = {
			isa = XCBuildConfiguration;
			buildSettings = {
				ALWAYS_SEARCH_USER_PATHS = NO;
				ASSETCATALOG_COMPILER_GENERATE_SWIFT_ASSET_SYMBOL_EXTENSIONS = YES;
				CLANG_ANALYZER_NONNULL = YES;
				CLANG_ANALYZER_NUMBER_OBJECT_CONVERSION = YES_AGGRESSIVE;
				CLANG_CXX_LANGUAGE_STANDARD = "gnu++20";
				CLANG_ENABLE_MODULES = YES;
				CLANG_ENABLE_OBJC_ARC = YES;
				CLANG_ENABLE_OBJC_WEAK = YES;
				CLANG_WARN_BLOCK_CAPTURE_AUTORELEASING = YES;
				CLANG_WARN_BOOL_CONVERSION = YES;
				CLANG_WARN_COMMA = YES;
				CLANG_WARN_CONSTANT_CONVERSION = YES;
				CLANG_WARN_DEPRECATED_OBJC_IMPLEMENTATIONS = YES;
				CLANG_WARN_DIRECT_OBJC_ISA_USAGE = YES_ERROR;
				CLANG_WARN_DOCUMENTATION_COMMENTS = YES;
				CLANG_WARN_EMPTY_BODY = YES;
				CLANG_WARN_ENUM_CONVERSION = YES;
				CLANG_WARN_INFINITE_RECURSION = YES;
				CLANG_WARN_INT_CONVERSION = YES;
				CLANG_WARN_NON_LITERAL_NULL_CONVERSION = YES;
				CLANG_WARN_OBJC_IMPLICIT_RETAIN_SELF = YES;
				CLANG_WARN_OBJC_LITERAL_CONVERSION = YES;
				CLANG_WARN_OBJC_ROOT_CLASS = YES_ERROR;
				CLANG_WARN_QUOTED_INCLUDE_IN_FRAMEWORK_HEADER = YES;
				CLANG_WARN_RANGE_LOOP_ANALYSIS = YES;
				CLANG_WARN_STRICT_PROTOTYPES = YES;
				CLANG_WARN_SUSPICIOUS_MOVE = YES;
				CLANG_WARN_UNGUARDED_AVAILABILITY = YES_AGGRESSIVE;
				CLANG_WARN_UNREACHABLE_CODE = YES;
				CLANG_WARN__DUPLICATE_METHOD_MATCH = YES;
				COPY_PHASE_STRIP = NO;
				DEBUG_INFORMATION_FORMAT = dwarf;
				ENABLE_STRICT_OBJC_MSGSEND = YES;
				ENABLE_TESTABILITY = YES;
				ENABLE_USER_SCRIPT_SANDBOXING = YES;
				GCC_C_LANGUAGE_STANDARD = gnu17;
				GCC_DYNAMIC_NO_PIC = NO;
				GCC_NO_COMMON_BLOCKS = YES;
				GCC_OPTIMIZATION_LEVEL = 0;
				GCC_PREPROCESSOR_DEFINITIONS = (
					"DEBUG=1",
					"$(inherited)",
				);
				GCC_WARN_64_TO_32_BIT_CONVERSION = YES;
				GCC_WARN_ABOUT_RETURN_TYPE = YES_ERROR;
				GCC_WARN_UNDECLARED_SELECTOR = YES;
				GCC_WARN_UNINITIALIZED_AUTOS = YES_AGGRESSIVE;
				GCC_WARN_UNUSED_FUNCTION = YES;
				GCC_WARN_UNUSED_VARIABLE = YES;
				IPHONEOS_DEPLOYMENT_TARGET = 17.0;
				LOCALIZATION_PREFERS_STRING_CATALOGS = YES;
				MTL_ENABLE_DEBUG_INFO = INCLUDE_SOURCE;
				MTL_FAST_MATH = YES;
				ONLY_ACTIVE_ARCH = YES;
				SDKROOT = iphoneos;
				SWIFT_ACTIVE_COMPILATION_CONDITIONS = "DEBUG $(inherited)";
				SWIFT_OPTIMIZATION_LEVEL = "-Onone";
			};
			name = Debug;
		};
		32F4A28F2AFB16F40016EA3A /* Release */ = {
			isa = XCBuildConfiguration;
			buildSettings = {
				ALWAYS_SEARCH_USER_PATHS = NO;
				ASSETCATALOG_COMPILER_GENERATE_SWIFT_ASSET_SYMBOL_EXTENSIONS = YES;
				CLANG_ANALYZER_NONNULL = YES;
				CLANG_ANALYZER_NUMBER_OBJECT_CONVERSION = YES_AGGRESSIVE;
				CLANG_CXX_LANGUAGE_STANDARD = "gnu++20";
				CLANG_ENABLE_MODULES = YES;
				CLANG_ENABLE_OBJC_ARC = YES;
				CLANG_ENABLE_OBJC_WEAK = YES;
				CLANG_WARN_BLOCK_CAPTURE_AUTORELEASING = YES;
				CLANG_WARN_BOOL_CONVERSION = YES;
				CLANG_WARN_COMMA = YES;
				CLANG_WARN_CONSTANT_CONVERSION = YES;
				CLANG_WARN_DEPRECATED_OBJC_IMPLEMENTATIONS = YES;
				CLANG_WARN_DIRECT_OBJC_ISA_USAGE = YES_ERROR;
				CLANG_WARN_DOCUMENTATION_COMMENTS = YES;
				CLANG_WARN_EMPTY_BODY = YES;
				CLANG_WARN_ENUM_CONVERSION = YES;
				CLANG_WARN_INFINITE_RECURSION = YES;
				CLANG_WARN_INT_CONVERSION = YES;
				CLANG_WARN_NON_LITERAL_NULL_CONVERSION = YES;
				CLANG_WARN_OBJC_IMPLICIT_RETAIN_SELF = YES;
				CLANG_WARN_OBJC_LITERAL_CONVERSION = YES;
				CLANG_WARN_OBJC_ROOT_CLASS = YES_ERROR;
				CLANG_WARN_QUOTED_INCLUDE_IN_FRAMEWORK_HEADER = YES;
				CLANG_WARN_RANGE_LOOP_ANALYSIS = YES;
				CLANG_WARN_STRICT_PROTOTYPES = YES;
				CLANG_WARN_SUSPICIOUS_MOVE = YES;
				CLANG_WARN_UNGUARDED_AVAILABILITY = YES_AGGRESSIVE;
				CLANG_WARN_UNREACHABLE_CODE = YES;
				CLANG_WARN__DUPLICATE_METHOD_MATCH = YES;
				COPY_PHASE_STRIP = NO;
				DEBUG_INFORMATION_FORMAT = "dwarf-with-dsym";
				ENABLE_NS_ASSERTIONS = NO;
				ENABLE_STRICT_OBJC_MSGSEND = YES;
				ENABLE_USER_SCRIPT_SANDBOXING = YES;
				GCC_C_LANGUAGE_STANDARD = gnu17;
				GCC_NO_COMMON_BLOCKS = YES;
				GCC_WARN_64_TO_32_BIT_CONVERSION = YES;
				GCC_WARN_ABOUT_RETURN_TYPE = YES_ERROR;
				GCC_WARN_UNDECLARED_SELECTOR = YES;
				GCC_WARN_UNINITIALIZED_AUTOS = YES_AGGRESSIVE;
				GCC_WARN_UNUSED_FUNCTION = YES;
				GCC_WARN_UNUSED_VARIABLE = YES;
				IPHONEOS_DEPLOYMENT_TARGET = 17.0;
				LOCALIZATION_PREFERS_STRING_CATALOGS = YES;
				MTL_ENABLE_DEBUG_INFO = NO;
				MTL_FAST_MATH = YES;
				SDKROOT = iphoneos;
				SWIFT_COMPILATION_MODE = wholemodule;
				VALIDATE_PRODUCT = YES;
			};
			name = Release;
		};
		32F4A2912AFB16F40016EA3A /* Debug */ = {
			isa = XCBuildConfiguration;
			buildSettings = {
				ASSETCATALOG_COMPILER_APPICON_NAME = AppIcon;
				ASSETCATALOG_COMPILER_GLOBAL_ACCENT_COLOR_NAME = AccentColor;
				CODE_SIGN_STYLE = Automatic;
				CURRENT_PROJECT_VERSION = 1;
				DEVELOPMENT_ASSET_PATHS = "\"Touchdown/Preview Content\"";
				DEVELOPMENT_TEAM = 7RNUW9CZWL;
				ENABLE_PREVIEWS = YES;
				GENERATE_INFOPLIST_FILE = YES;
				INFOPLIST_FILE = Touchdown/Info.plist;
				INFOPLIST_KEY_UIApplicationSceneManifest_Generation = YES;
				INFOPLIST_KEY_UIApplicationSupportsIndirectInputEvents = YES;
				INFOPLIST_KEY_UISupportedInterfaceOrientations = "UIInterfaceOrientationLandscapeLeft UIInterfaceOrientationLandscapeRight UIInterfaceOrientationPortrait";
				INFOPLIST_KEY_UISupportedInterfaceOrientations_iPad = UIInterfaceOrientationPortrait;
				INFOPLIST_KEY_UIUserInterfaceStyle = Light;
				LD_RUNPATH_SEARCH_PATHS = (
					"$(inherited)",
					"@executable_path/Frameworks",
				);
				MARKETING_VERSION = 1.0;
				PRODUCT_BUNDLE_IDENTIFIER = sfK.Touchdown;
				PRODUCT_NAME = "$(TARGET_NAME)";
				SWIFT_EMIT_LOC_STRINGS = YES;
				SWIFT_VERSION = 5.0;
				TARGETED_DEVICE_FAMILY = "1,2";
			};
			name = Debug;
		};
		32F4A2922AFB16F40016EA3A /* Release */ = {
			isa = XCBuildConfiguration;
			buildSettings = {
				ASSETCATALOG_COMPILER_APPICON_NAME = AppIcon;
				ASSETCATALOG_COMPILER_GLOBAL_ACCENT_COLOR_NAME = AccentColor;
				CODE_SIGN_STYLE = Automatic;
				CURRENT_PROJECT_VERSION = 1;
				DEVELOPMENT_ASSET_PATHS = "\"Touchdown/Preview Content\"";
				DEVELOPMENT_TEAM = 7RNUW9CZWL;
				ENABLE_PREVIEWS = YES;
				GENERATE_INFOPLIST_FILE = YES;
				INFOPLIST_FILE = Touchdown/Info.plist;
				INFOPLIST_KEY_UIApplicationSceneManifest_Generation = YES;
				INFOPLIST_KEY_UIApplicationSupportsIndirectInputEvents = YES;
				INFOPLIST_KEY_UISupportedInterfaceOrientations = "UIInterfaceOrientationLandscapeLeft UIInterfaceOrientationLandscapeRight UIInterfaceOrientationPortrait";
				INFOPLIST_KEY_UISupportedInterfaceOrientations_iPad = UIInterfaceOrientationPortrait;
				INFOPLIST_KEY_UIUserInterfaceStyle = Light;
				LD_RUNPATH_SEARCH_PATHS = (
					"$(inherited)",
					"@executable_path/Frameworks",
				);
				MARKETING_VERSION = 1.0;
				PRODUCT_BUNDLE_IDENTIFIER = sfK.Touchdown;
				PRODUCT_NAME = "$(TARGET_NAME)";
				SWIFT_EMIT_LOC_STRINGS = YES;
				SWIFT_VERSION = 5.0;
				TARGETED_DEVICE_FAMILY = "1,2";
			};
			name = Release;
		};
/* End XCBuildConfiguration section */

/* Begin XCConfigurationList section */
		32F4A27D2AFB16F30016EA3A /* Build configuration list for PBXProject "Touchdown" */ = {
			isa = XCConfigurationList;
			buildConfigurations = (
				32F4A28E2AFB16F40016EA3A /* Debug */,
				32F4A28F2AFB16F40016EA3A /* Release */,
			);
			defaultConfigurationIsVisible = 0;
			defaultConfigurationName = Release;
		};
		32F4A2902AFB16F40016EA3A /* Build configuration list for PBXNativeTarget "Touchdown" */ = {
			isa = XCConfigurationList;
			buildConfigurations = (
				32F4A2912AFB16F40016EA3A /* Debug */,
				32F4A2922AFB16F40016EA3A /* Release */,
			);
			defaultConfigurationIsVisible = 0;
			defaultConfigurationName = Release;
		};
/* End XCConfigurationList section */
	};
	rootObject = 32F4A27A2AFB16F30016EA3A /* Project object */;
}
