// !$*UTF8*$!
{
	archiveVersion = 1;
	classes = {
	};
	objectVersion = 56;
	objects = {

/* Begin PBXBuildFile section */
		32C0D39429FF9A4E0053EC54 /* RestartApp.swift in Sources */ = {isa = PBXBuildFile; fileRef = 32C0D39329FF9A4E0053EC54 /* RestartApp.swift */; };
		32C0D39629FF9A4E0053EC54 /* ContentView.swift in Sources */ = {isa = PBXBuildFile; fileRef = 32C0D39529FF9A4E0053EC54 /* ContentView.swift */; };
		32C0D39829FF9A500053EC54 /* Assets.xcassets in Resources */ = {isa = PBXBuildFile; fileRef = 32C0D39729FF9A500053EC54 /* Assets.xcassets */; };
		32C0D39B29FF9A500053EC54 /* Preview Assets.xcassets in Resources */ = {isa = PBXBuildFile; fileRef = 32C0D39A29FF9A500053EC54 /* Preview Assets.xcassets */; };
		32C0D3A329FF9AC90053EC54 /* chimeup.mp3 in Resources */ = {isa = PBXBuildFile; fileRef = 32C0D3A129FF9AC80053EC54 /* chimeup.mp3 */; };
		32C0D3A429FF9AC90053EC54 /* success.m4a in Resources */ = {isa = PBXBuildFile; fileRef = 32C0D3A229FF9AC80053EC54 /* success.m4a */; };
		32C0D3AB29FF9F970053EC54 /* OnboardingView.swift in Sources */ = {isa = PBXBuildFile; fileRef = 32C0D3AA29FF9F970053EC54 /* OnboardingView.swift */; };
		32C0D3AD29FF9FAD0053EC54 /* HomeView.swift in Sources */ = {isa = PBXBuildFile; fileRef = 32C0D3AC29FF9FAD0053EC54 /* HomeView.swift */; };
		32C0D3AF29FFB78D0053EC54 /* CircleGroupView.swift in Sources */ = {isa = PBXBuildFile; fileRef = 32C0D3AE29FFB78D0053EC54 /* CircleGroupView.swift */; };
		32E415E529FFEBA5007D7AA5 /* AudioPlayer.swift in Sources */ = {isa = PBXBuildFile; fileRef = 32E415E429FFEBA5007D7AA5 /* AudioPlayer.swift */; };
/* End PBXBuildFile section */

/* Begin PBXFileReference section */
		32C0D39029FF9A4E0053EC54 /* Restart.app */ = {isa = PBXFileReference; explicitFileType = wrapper.application; includeInIndex = 0; path = Restart.app; sourceTree = BUILT_PRODUCTS_DIR; };
		32C0D39329FF9A4E0053EC54 /* RestartApp.swift */ = {isa = PBXFileReference; lastKnownFileType = sourcecode.swift; path = RestartApp.swift; sourceTree = "<group>"; };
		32C0D39529FF9A4E0053EC54 /* ContentView.swift */ = {isa = PBXFileReference; lastKnownFileType = sourcecode.swift; path = ContentView.swift; sourceTree = "<group>"; };
		32C0D39729FF9A500053EC54 /* Assets.xcassets */ = {isa = PBXFileReference; lastKnownFileType = folder.assetcatalog; path = Assets.xcassets; sourceTree = "<group>"; };
		32C0D39A29FF9A500053EC54 /* Preview Assets.xcassets */ = {isa = PBXFileReference; lastKnownFileType = folder.assetcatalog; path = "Preview Assets.xcassets"; sourceTree = "<group>"; };
		32C0D3A129FF9AC80053EC54 /* chimeup.mp3 */ = {isa = PBXFileReference; lastKnownFileType = audio.mp3; path = chimeup.mp3; sourceTree = "<group>"; };
		32C0D3A229FF9AC80053EC54 /* success.m4a */ = {isa = PBXFileReference; lastKnownFileType = file; path = success.m4a; sourceTree = "<group>"; };
		32C0D3A929FF9E350053EC54 /* Info.plist */ = {isa = PBXFileReference; lastKnownFileType = text.plist; path = Info.plist; sourceTree = "<group>"; };
		32C0D3AA29FF9F970053EC54 /* OnboardingView.swift */ = {isa = PBXFileReference; lastKnownFileType = sourcecode.swift; path = OnboardingView.swift; sourceTree = "<group>"; };
		32C0D3AC29FF9FAD0053EC54 /* HomeView.swift */ = {isa = PBXFileReference; lastKnownFileType = sourcecode.swift; path = HomeView.swift; sourceTree = "<group>"; };
		32C0D3AE29FFB78D0053EC54 /* CircleGroupView.swift */ = {isa = PBXFileReference; lastKnownFileType = sourcecode.swift; path = CircleGroupView.swift; sourceTree = "<group>"; };
		32E415E429FFEBA5007D7AA5 /* AudioPlayer.swift */ = {isa = PBXFileReference; lastKnownFileType = sourcecode.swift; path = AudioPlayer.swift; sourceTree = "<group>"; };
/* End PBXFileReference section */

/* Begin PBXFrameworksBuildPhase section */
		32C0D38D29FF9A4E0053EC54 /* Frameworks */ = {
			isa = PBXFrameworksBuildPhase;
			buildActionMask = 2147483647;
			files = (
			);
			runOnlyForDeploymentPostprocessing = 0;
		};
/* End PBXFrameworksBuildPhase section */

/* Begin PBXGroup section */
		32C0D38729FF9A4E0053EC54 = {
			isa = PBXGroup;
			children = (
				32C0D39229FF9A4E0053EC54 /* Restart */,
				32C0D39129FF9A4E0053EC54 /* Products */,
			);
			sourceTree = "<group>";
		};
		32C0D39129FF9A4E0053EC54 /* Products */ = {
			isa = PBXGroup;
			children = (
				32C0D39029FF9A4E0053EC54 /* Restart.app */,
			);
			name = Products;
			sourceTree = "<group>";
		};
		32C0D39229FF9A4E0053EC54 /* Restart */ = {
			isa = PBXGroup;
			children = (
				32C0D3A929FF9E350053EC54 /* Info.plist */,
				32C0D3A829FF9D650053EC54 /* Utilities */,
				32C0D3A729FF9D540053EC54 /* Views */,
				32C0D3A529FF9AD60053EC54 /* Sounds */,
				32C0D39329FF9A4E0053EC54 /* RestartApp.swift */,
				32C0D3A629FF9D140053EC54 /* Screns */,
				32C0D39729FF9A500053EC54 /* Assets.xcassets */,
				32C0D39929FF9A500053EC54 /* Preview Content */,
			);
			path = Restart;
			sourceTree = "<group>";
		};
		32C0D39929FF9A500053EC54 /* Preview Content */ = {
			isa = PBXGroup;
			children = (
				32C0D39A29FF9A500053EC54 /* Preview Assets.xcassets */,
			);
			path = "Preview Content";
			sourceTree = "<group>";
		};
		32C0D3A529FF9AD60053EC54 /* Sounds */ = {
			isa = PBXGroup;
			children = (
				32C0D3A129FF9AC80053EC54 /* chimeup.mp3 */,
				32C0D3A229FF9AC80053EC54 /* success.m4a */,
			);
			path = Sounds;
			sourceTree = "<group>";
		};
		32C0D3A629FF9D140053EC54 /* Screns */ = {
			isa = PBXGroup;
			children = (
				32C0D39529FF9A4E0053EC54 /* ContentView.swift */,
				32C0D3AA29FF9F970053EC54 /* OnboardingView.swift */,
				32C0D3AC29FF9FAD0053EC54 /* HomeView.swift */,
			);
			path = Screns;
			sourceTree = "<group>";
		};
		32C0D3A729FF9D540053EC54 /* Views */ = {
			isa = PBXGroup;
			children = (
				32C0D3AE29FFB78D0053EC54 /* CircleGroupView.swift */,
			);
			path = Views;
			sourceTree = "<group>";
		};
		32C0D3A829FF9D650053EC54 /* Utilities */ = {
			isa = PBXGroup;
			children = (
				32E415E429FFEBA5007D7AA5 /* AudioPlayer.swift */,
			);
			path = Utilities;
			sourceTree = "<group>";
		};
/* End PBXGroup section */

/* Begin PBXNativeTarget section */
		32C0D38F29FF9A4E0053EC54 /* Restart */ = {
			isa = PBXNativeTarget;
			buildConfigurationList = 32C0D39E29FF9A500053EC54 /* Build configuration list for PBXNativeTarget "Restart" */;
			buildPhases = (
				32C0D38C29FF9A4E0053EC54 /* Sources */,
				32C0D38D29FF9A4E0053EC54 /* Frameworks */,
				32C0D38E29FF9A4E0053EC54 /* Resources */,
			);
			buildRules = (
			);
			dependencies = (
			);
			name = Restart;
			productName = Restart;
			productReference = 32C0D39029FF9A4E0053EC54 /* Restart.app */;
			productType = "com.apple.product-type.application";
		};
/* End PBXNativeTarget section */

/* Begin PBXProject section */
		32C0D38829FF9A4E0053EC54 /* Project object */ = {
			isa = PBXProject;
			attributes = {
				BuildIndependentTargetsInParallel = 1;
				LastSwiftUpdateCheck = 1420;
				LastUpgradeCheck = 1420;
				TargetAttributes = {
					32C0D38F29FF9A4E0053EC54 = {
						CreatedOnToolsVersion = 14.2;
					};
				};
			};
			buildConfigurationList = 32C0D38B29FF9A4E0053EC54 /* Build configuration list for PBXProject "Restart" */;
			compatibilityVersion = "Xcode 14.0";
			developmentRegion = en;
			hasScannedForEncodings = 0;
			knownRegions = (
				en,
				Base,
			);
			mainGroup = 32C0D38729FF9A4E0053EC54;
			productRefGroup = 32C0D39129FF9A4E0053EC54 /* Products */;
			projectDirPath = "";
			projectRoot = "";
			targets = (
				32C0D38F29FF9A4E0053EC54 /* Restart */,
			);
		};
/* End PBXProject section */

/* Begin PBXResourcesBuildPhase section */
		32C0D38E29FF9A4E0053EC54 /* Resources */ = {
			isa = PBXResourcesBuildPhase;
			buildActionMask = 2147483647;
			files = (
				32C0D3A429FF9AC90053EC54 /* success.m4a in Resources */,
				32C0D3A329FF9AC90053EC54 /* chimeup.mp3 in Resources */,
				32C0D39B29FF9A500053EC54 /* Preview Assets.xcassets in Resources */,
				32C0D39829FF9A500053EC54 /* Assets.xcassets in Resources */,
			);
			runOnlyForDeploymentPostprocessing = 0;
		};
/* End PBXResourcesBuildPhase section */

/* Begin PBXSourcesBuildPhase section */
		32C0D38C29FF9A4E0053EC54 /* Sources */ = {
			isa = PBXSourcesBuildPhase;
			buildActionMask = 2147483647;
			files = (
				32C0D3AF29FFB78D0053EC54 /* CircleGroupView.swift in Sources */,
				32C0D3AB29FF9F970053EC54 /* OnboardingView.swift in Sources */,
				32C0D3AD29FF9FAD0053EC54 /* HomeView.swift in Sources */,
				32C0D39629FF9A4E0053EC54 /* ContentView.swift in Sources */,
				32C0D39429FF9A4E0053EC54 /* RestartApp.swift in Sources */,
				32E415E529FFEBA5007D7AA5 /* AudioPlayer.swift in Sources */,
			);
			runOnlyForDeploymentPostprocessing = 0;
		};
/* End PBXSourcesBuildPhase section */

/* Begin XCBuildConfiguration section */
		32C0D39C29FF9A500053EC54 /* Debug */ = {
			isa = XCBuildConfiguration;
			buildSettings = {
				ALWAYS_SEARCH_USER_PATHS = NO;
				CLANG_ANALYZER_NONNULL = YES;
				CLANG_ANALYZER_NUMBER_OBJECT_CONVERSION = YES_AGGRESSIVE;
				CLANG_CXX_LANGUAGE_STANDARD = "gnu++20";
				CLANG_ENABLE_MODULES = YES;
				CLANG_ENABLE_OBJC_ARC = YES;
				CLANG_ENABLE_OBJC_WEAK = YES;
				CLANG_WARN_BLOCK_CAPTURE_AUTORELEASING = YES;
				CLANG_WARN_BOOL_CONVERSION = YES;
				CLANG_WARN_COMMA = YES;
				CLANG_WARN_CONSTANT_CONVERSION = YES;
				CLANG_WARN_DEPRECATED_OBJC_IMPLEMENTATIONS = YES;
				CLANG_WARN_DIRECT_OBJC_ISA_USAGE = YES_ERROR;
				CLANG_WARN_DOCUMENTATION_COMMENTS = YES;
				CLANG_WARN_EMPTY_BODY = YES;
				CLANG_WARN_ENUM_CONVERSION = YES;
				CLANG_WARN_INFINITE_RECURSION = YES;
				CLANG_WARN_INT_CONVERSION = YES;
				CLANG_WARN_NON_LITERAL_NULL_CONVERSION = YES;
				CLANG_WARN_OBJC_IMPLICIT_RETAIN_SELF = YES;
				CLANG_WARN_OBJC_LITERAL_CONVERSION = YES;
				CLANG_WARN_OBJC_ROOT_CLASS = YES_ERROR;
				CLANG_WARN_QUOTED_INCLUDE_IN_FRAMEWORK_HEADER = YES;
				CLANG_WARN_RANGE_LOOP_ANALYSIS = YES;
				CLANG_WARN_STRICT_PROTOTYPES = YES;
				CLANG_WARN_SUSPICIOUS_MOVE = YES;
				CLANG_WARN_UNGUARDED_AVAILABILITY = YES_AGGRESSIVE;
				CLANG_WARN_UNREACHABLE_CODE = YES;
				CLANG_WARN__DUPLICATE_METHOD_MATCH = YES;
				COPY_PHASE_STRIP = NO;
				DEBUG_INFORMATION_FORMAT = dwarf;
				ENABLE_STRICT_OBJC_MSGSEND = YES;
				ENABLE_TESTABILITY = YES;
				GCC_C_LANGUAGE_STANDARD = gnu11;
				GCC_DYNAMIC_NO_PIC = NO;
				GCC_NO_COMMON_BLOCKS = YES;
				GCC_OPTIMIZATION_LEVEL = 0;
				GCC_PREPROCESSOR_DEFINITIONS = (
					"DEBUG=1",
					"$(inherited)",
				);
				GCC_WARN_64_TO_32_BIT_CONVERSION = YES;
				GCC_WARN_ABOUT_RETURN_TYPE = YES_ERROR;
				GCC_WARN_UNDECLARED_SELECTOR = YES;
				GCC_WARN_UNINITIALIZED_AUTOS = YES_AGGRESSIVE;
				GCC_WARN_UNUSED_FUNCTION = YES;
				GCC_WARN_UNUSED_VARIABLE = YES;
				IPHONEOS_DEPLOYMENT_TARGET = 16.2;
				MTL_ENABLE_DEBUG_INFO = INCLUDE_SOURCE;
				MTL_FAST_MATH = YES;
				ONLY_ACTIVE_ARCH = YES;
				SDKROOT = iphoneos;
				SWIFT_ACTIVE_COMPILATION_CONDITIONS = DEBUG;
				SWIFT_OPTIMIZATION_LEVEL = "-Onone";
			};
			name = Debug;
		};
		32C0D39D29FF9A500053EC54 /* Release */ = {
			isa = XCBuildConfiguration;
			buildSettings = {
				ALWAYS_SEARCH_USER_PATHS = NO;
				CLANG_ANALYZER_NONNULL = YES;
				CLANG_ANALYZER_NUMBER_OBJECT_CONVERSION = YES_AGGRESSIVE;
				CLANG_CXX_LANGUAGE_STANDARD = "gnu++20";
				CLANG_ENABLE_MODULES = YES;
				CLANG_ENABLE_OBJC_ARC = YES;
				CLANG_ENABLE_OBJC_WEAK = YES;
				CLANG_WARN_BLOCK_CAPTURE_AUTORELEASING = YES;
				CLANG_WARN_BOOL_CONVERSION = YES;
				CLANG_WARN_COMMA = YES;
				CLANG_WARN_CONSTANT_CONVERSION = YES;
				CLANG_WARN_DEPRECATED_OBJC_IMPLEMENTATIONS = YES;
				CLANG_WARN_DIRECT_OBJC_ISA_USAGE = YES_ERROR;
				CLANG_WARN_DOCUMENTATION_COMMENTS = YES;
				CLANG_WARN_EMPTY_BODY = YES;
				CLANG_WARN_ENUM_CONVERSION = YES;
				CLANG_WARN_INFINITE_RECURSION = YES;
				CLANG_WARN_INT_CONVERSION = YES;
				CLANG_WARN_NON_LITERAL_NULL_CONVERSION = YES;
				CLANG_WARN_OBJC_IMPLICIT_RETAIN_SELF = YES;
				CLANG_WARN_OBJC_LITERAL_CONVERSION = YES;
				CLANG_WARN_OBJC_ROOT_CLASS = YES_ERROR;
				CLANG_WARN_QUOTED_INCLUDE_IN_FRAMEWORK_HEADER = YES;
				CLANG_WARN_RANGE_LOOP_ANALYSIS = YES;
				CLANG_WARN_STRICT_PROTOTYPES = YES;
				CLANG_WARN_SUSPICIOUS_MOVE = YES;
				CLANG_WARN_UNGUARDED_AVAILABILITY = YES_AGGRESSIVE;
				CLANG_WARN_UNREACHABLE_CODE = YES;
				CLANG_WARN__DUPLICATE_METHOD_MATCH = YES;
				COPY_PHASE_STRIP = NO;
				DEBUG_INFORMATION_FORMAT = "dwarf-with-dsym";
				ENABLE_NS_ASSERTIONS = NO;
				ENABLE_STRICT_OBJC_MSGSEND = YES;
				GCC_C_LANGUAGE_STANDARD = gnu11;
				GCC_NO_COMMON_BLOCKS = YES;
				GCC_WARN_64_TO_32_BIT_CONVERSION = YES;
				GCC_WARN_ABOUT_RETURN_TYPE = YES_ERROR;
				GCC_WARN_UNDECLARED_SELECTOR = YES;
				GCC_WARN_UNINITIALIZED_AUTOS = YES_AGGRESSIVE;
				GCC_WARN_UNUSED_FUNCTION = YES;
				GCC_WARN_UNUSED_VARIABLE = YES;
				IPHONEOS_DEPLOYMENT_TARGET = 16.2;
				MTL_ENABLE_DEBUG_INFO = NO;
				MTL_FAST_MATH = YES;
				SDKROOT = iphoneos;
				SWIFT_COMPILATION_MODE = wholemodule;
				SWIFT_OPTIMIZATION_LEVEL = "-O";
				VALIDATE_PRODUCT = YES;
			};
			name = Release;
		};
		32C0D39F29FF9A500053EC54 /* Debug */ = {
			isa = XCBuildConfiguration;
			buildSettings = {
				ASSETCATALOG_COMPILER_APPICON_NAME = AppIcon;
				ASSETCATALOG_COMPILER_GLOBAL_ACCENT_COLOR_NAME = AccentColor;
				CODE_SIGN_STYLE = Automatic;
				CURRENT_PROJECT_VERSION = 1;
				DEVELOPMENT_ASSET_PATHS = "\"Restart/Preview Content\"";
				DEVELOPMENT_TEAM = 7RNUW9CZWL;
				ENABLE_PREVIEWS = YES;
				GENERATE_INFOPLIST_FILE = YES;
				INFOPLIST_FILE = Restart/Info.plist;
				INFOPLIST_KEY_UIApplicationSupportsIndirectInputEvents = YES;
				INFOPLIST_KEY_UISupportedInterfaceOrientations = UIInterfaceOrientationPortrait;
				INFOPLIST_KEY_UISupportedInterfaceOrientations_iPad = "UIInterfaceOrientationLandscapeLeft UIInterfaceOrientationLandscapeRight UIInterfaceOrientationPortrait UIInterfaceOrientationPortraitUpsideDown";
				IPHONEOS_DEPLOYMENT_TARGET = 15.0;
				LD_RUNPATH_SEARCH_PATHS = (
					"$(inherited)",
					"@executable_path/Frameworks",
				);
				MARKETING_VERSION = 1.0;
				PRODUCT_BUNDLE_IDENTIFIER = sfK.Restart;
				PRODUCT_NAME = "$(TARGET_NAME)";
				SUPPORTED_PLATFORMS = "iphoneos iphonesimulator";
				SUPPORTS_MACCATALYST = NO;
				SUPPORTS_MAC_DESIGNED_FOR_IPHONE_IPAD = NO;
				SWIFT_EMIT_LOC_STRINGS = YES;
				SWIFT_VERSION = 5.0;
				TARGETED_DEVICE_FAMILY = 1;
			};
			name = Debug;
		};
		32C0D3A029FF9A500053EC54 /* Release */ = {
			isa = XCBuildConfiguration;
			buildSettings = {
				ASSETCATALOG_COMPILER_APPICON_NAME = AppIcon;
				ASSETCATALOG_COMPILER_GLOBAL_ACCENT_COLOR_NAME = AccentColor;
				CODE_SIGN_STYLE = Automatic;
				CURRENT_PROJECT_VERSION = 1;
				DEVELOPMENT_ASSET_PATHS = "\"Restart/Preview Content\"";
				DEVELOPMENT_TEAM = 7RNUW9CZWL;
				ENABLE_PREVIEWS = YES;
				GENERATE_INFOPLIST_FILE = YES;
				INFOPLIST_FILE = Restart/Info.plist;
				INFOPLIST_KEY_UIApplicationSupportsIndirectInputEvents = YES;
				INFOPLIST_KEY_UISupportedInterfaceOrientations = UIInterfaceOrientationPortrait;
				INFOPLIST_KEY_UISupportedInterfaceOrientations_iPad = "UIInterfaceOrientationLandscapeLeft UIInterfaceOrientationLandscapeRight UIInterfaceOrientationPortrait UIInterfaceOrientationPortraitUpsideDown";
				IPHONEOS_DEPLOYMENT_TARGET = 15.0;
				LD_RUNPATH_SEARCH_PATHS = (
					"$(inherited)",
					"@executable_path/Frameworks",
				);
				MARKETING_VERSION = 1.0;
				PRODUCT_BUNDLE_IDENTIFIER = sfK.Restart;
				PRODUCT_NAME = "$(TARGET_NAME)";
				SUPPORTED_PLATFORMS = "iphoneos iphonesimulator";
				SUPPORTS_MACCATALYST = NO;
				SUPPORTS_MAC_DESIGNED_FOR_IPHONE_IPAD = NO;
				SWIFT_EMIT_LOC_STRINGS = YES;
				SWIFT_VERSION = 5.0;
				TARGETED_DEVICE_FAMILY = 1;
			};
			name = Release;
		};
/* End XCBuildConfiguration section */

/* Begin XCConfigurationList section */
		32C0D38B29FF9A4E0053EC54 /* Build configuration list for PBXProject "Restart" */ = {
			isa = XCConfigurationList;
			buildConfigurations = (
				32C0D39C29FF9A500053EC54 /* Debug */,
				32C0D39D29FF9A500053EC54 /* Release */,
			);
			defaultConfigurationIsVisible = 0;
			defaultConfigurationName = Release;
		};
		32C0D39E29FF9A500053EC54 /* Build configuration list for PBXNativeTarget "Restart" */ = {
			isa = XCConfigurationList;
			buildConfigurations = (
				32C0D39F29FF9A500053EC54 /* Debug */,
				32C0D3A029FF9A500053EC54 /* Release */,
			);
			defaultConfigurationIsVisible = 0;
			defaultConfigurationName = Release;
		};
/* End XCConfigurationList section */
	};
	rootObject = 32C0D38829FF9A4E0053EC54 /* Project object */;
}
